// !$*UTF8*$!
{
	archiveVersion = 1;
	classes = {
	};
	objectVersion = 50;
	objects = {

/* Begin PBXBuildFile section */
		6A13B82B2448B89000601386 /* AppDelegate.swift in Sources */ = {isa = PBXBuildFile; fileRef = 6A13B82A2448B89000601386 /* AppDelegate.swift */; };
		6A13B82D2448B89000601386 /* SceneDelegate.swift in Sources */ = {isa = PBXBuildFile; fileRef = 6A13B82C2448B89000601386 /* SceneDelegate.swift */; };
		6A13B8322448B89000601386 /* Main.storyboard in Resources */ = {isa = PBXBuildFile; fileRef = 6A13B8302448B89000601386 /* Main.storyboard */; };
		6A13B8342448B89100601386 /* Assets.xcassets in Resources */ = {isa = PBXBuildFile; fileRef = 6A13B8332448B89100601386 /* Assets.xcassets */; };
		6A13B8372448B89100601386 /* LaunchScreen.storyboard in Resources */ = {isa = PBXBuildFile; fileRef = 6A13B8352448B89100601386 /* LaunchScreen.storyboard */; };
		6A13B83F2448B8E400601386 /* Photo.swift in Sources */ = {isa = PBXBuildFile; fileRef = 6A13B83E2448B8E400601386 /* Photo.swift */; };
		6A13B8452448B9CD00601386 /* PhotoController.swift in Sources */ = {isa = PBXBuildFile; fileRef = 6A13B8442448B9CD00601386 /* PhotoController.swift */; };
		6A13B8472448BB2400601386 /* ThemeHelper.swift in Sources */ = {isa = PBXBuildFile; fileRef = 6A13B8462448BB2400601386 /* ThemeHelper.swift */; };
		6A13B8492448BDE100601386 /* PhotosCollectionViewController.swift in Sources */ = {isa = PBXBuildFile; fileRef = 6A13B8482448BDE100601386 /* PhotosCollectionViewController.swift */; };
		6A13B84B2448BE7C00601386 /* PhotosCollectionViewCell.swift in Sources */ = {isa = PBXBuildFile; fileRef = 6A13B84A2448BE7C00601386 /* PhotosCollectionViewCell.swift */; };
/* End PBXBuildFile section */

/* Begin PBXFileReference section */
		6A13B8272448B89000601386 /* PhotoCollection.app */ = {isa = PBXFileReference; explicitFileType = wrapper.application; includeInIndex = 0; path = PhotoCollection.app; sourceTree = BUILT_PRODUCTS_DIR; };
		6A13B82A2448B89000601386 /* AppDelegate.swift */ = {isa = PBXFileReference; lastKnownFileType = sourcecode.swift; path = AppDelegate.swift; sourceTree = "<group>"; };
		6A13B82C2448B89000601386 /* SceneDelegate.swift */ = {isa = PBXFileReference; lastKnownFileType = sourcecode.swift; path = SceneDelegate.swift; sourceTree = "<group>"; };
		6A13B8312448B89000601386 /* Base */ = {isa = PBXFileReference; lastKnownFileType = file.storyboard; name = Base; path = Base.lproj/Main.storyboard; sourceTree = "<group>"; };
		6A13B8332448B89100601386 /* Assets.xcassets */ = {isa = PBXFileReference; lastKnownFileType = folder.assetcatalog; path = Assets.xcassets; sourceTree = "<group>"; };
		6A13B8362448B89100601386 /* Base */ = {isa = PBXFileReference; lastKnownFileType = file.storyboard; name = Base; path = Base.lproj/LaunchScreen.storyboard; sourceTree = "<group>"; };
		6A13B8382448B89100601386 /* Info.plist */ = {isa = PBXFileReference; lastKnownFileType = text.plist.xml; path = Info.plist; sourceTree = "<group>"; };
		6A13B83E2448B8E400601386 /* Photo.swift */ = {isa = PBXFileReference; lastKnownFileType = sourcecode.swift; path = Photo.swift; sourceTree = "<group>"; };
		6A13B8442448B9CD00601386 /* PhotoController.swift */ = {isa = PBXFileReference; lastKnownFileType = sourcecode.swift; path = PhotoController.swift; sourceTree = "<group>"; };
		6A13B8462448BB2400601386 /* ThemeHelper.swift */ = {isa = PBXFileReference; lastKnownFileType = sourcecode.swift; path = ThemeHelper.swift; sourceTree = "<group>"; };
		6A13B8482448BDE100601386 /* PhotosCollectionViewController.swift */ = {isa = PBXFileReference; lastKnownFileType = sourcecode.swift; path = PhotosCollectionViewController.swift; sourceTree = "<group>"; };
		6A13B84A2448BE7C00601386 /* PhotosCollectionViewCell.swift */ = {isa = PBXFileReference; lastKnownFileType = sourcecode.swift; path = PhotosCollectionViewCell.swift; sourceTree = "<group>"; };
/* End PBXFileReference section */

/* Begin PBXFrameworksBuildPhase section */
		6A13B8242448B89000601386 /* Frameworks */ = {
			isa = PBXFrameworksBuildPhase;
			buildActionMask = 2147483647;
			files = (
			);
			runOnlyForDeploymentPostprocessing = 0;
		};
/* End PBXFrameworksBuildPhase section */

/* Begin PBXGroup section */
		6A13B81E2448B89000601386 = {
			isa = PBXGroup;
			children = (
				6A13B8292448B89000601386 /* PhotoCollection */,
				6A13B8282448B89000601386 /* Products */,
			);
			sourceTree = "<group>";
		};
		6A13B8282448B89000601386 /* Products */ = {
			isa = PBXGroup;
			children = (
				6A13B8272448B89000601386 /* PhotoCollection.app */,
			);
			name = Products;
			sourceTree = "<group>";
		};
		6A13B8292448B89000601386 /* PhotoCollection */ = {
			isa = PBXGroup;
			children = (
				6A13B84C2448BE9300601386 /* View */,
				6A13B8422448B91300601386 /* View Controller */,
				6A13B8412448B90700601386 /* Model */,
				6A13B8432448B92500601386 /* Model Controller */,
				6A13B8402448B8F900601386 /* Resources */,
				6A13B82A2448B89000601386 /* AppDelegate.swift */,
				6A13B82C2448B89000601386 /* SceneDelegate.swift */,
				6A13B8302448B89000601386 /* Main.storyboard */,
				6A13B8332448B89100601386 /* Assets.xcassets */,
				6A13B8352448B89100601386 /* LaunchScreen.storyboard */,
				6A13B8382448B89100601386 /* Info.plist */,
			);
			path = PhotoCollection;
			sourceTree = "<group>";
		};
		6A13B8402448B8F900601386 /* Resources */ = {
			isa = PBXGroup;
			children = (
			);
			path = Resources;
			sourceTree = "<group>";
		};
		6A13B8412448B90700601386 /* Model */ = {
			isa = PBXGroup;
			children = (
				6A13B83E2448B8E400601386 /* Photo.swift */,
			);
			path = Model;
			sourceTree = "<group>";
		};
		6A13B8422448B91300601386 /* View Controller */ = {
			isa = PBXGroup;
			children = (
				6A13B8482448BDE100601386 /* PhotosCollectionViewController.swift */,
			);
			path = "View Controller";
			sourceTree = "<group>";
		};
		6A13B8432448B92500601386 /* Model Controller */ = {
			isa = PBXGroup;
			children = (
				6A13B8442448B9CD00601386 /* PhotoController.swift */,
				6A13B8462448BB2400601386 /* ThemeHelper.swift */,
			);
			path = "Model Controller";
			sourceTree = "<group>";
		};
		6A13B84C2448BE9300601386 /* View */ = {
			isa = PBXGroup;
			children = (
				6A13B84A2448BE7C00601386 /* PhotosCollectionViewCell.swift */,
			);
			path = View;
			sourceTree = "<group>";
		};
/* End PBXGroup section */

/* Begin PBXNativeTarget section */
		6A13B8262448B89000601386 /* PhotoCollection */ = {
			isa = PBXNativeTarget;
			buildConfigurationList = 6A13B83B2448B89100601386 /* Build configuration list for PBXNativeTarget "PhotoCollection" */;
			buildPhases = (
				6A13B8232448B89000601386 /* Sources */,
				6A13B8242448B89000601386 /* Frameworks */,
				6A13B8252448B89000601386 /* Resources */,
			);
			buildRules = (
			);
			dependencies = (
			);
			name = PhotoCollection;
			productName = PhotoCollection;
			productReference = 6A13B8272448B89000601386 /* PhotoCollection.app */;
			productType = "com.apple.product-type.application";
		};
/* End PBXNativeTarget section */

/* Begin PBXProject section */
		6A13B81F2448B89000601386 /* Project object */ = {
			isa = PBXProject;
			attributes = {
				LastSwiftUpdateCheck = 1130;
				LastUpgradeCheck = 1130;
				ORGANIZATIONNAME = Ahava;
				TargetAttributes = {
					6A13B8262448B89000601386 = {
						CreatedOnToolsVersion = 11.3.1;
					};
				};
			};
			buildConfigurationList = 6A13B8222448B89000601386 /* Build configuration list for PBXProject "PhotoCollection" */;
			compatibilityVersion = "Xcode 9.3";
			developmentRegion = en;
			hasScannedForEncodings = 0;
			knownRegions = (
				en,
				Base,
			);
			mainGroup = 6A13B81E2448B89000601386;
			productRefGroup = 6A13B8282448B89000601386 /* Products */;
			projectDirPath = "";
			projectRoot = "";
			targets = (
				6A13B8262448B89000601386 /* PhotoCollection */,
			);
		};
/* End PBXProject section */

/* Begin PBXResourcesBuildPhase section */
		6A13B8252448B89000601386 /* Resources */ = {
			isa = PBXResourcesBuildPhase;
			buildActionMask = 2147483647;
			files = (
				6A13B8372448B89100601386 /* LaunchScreen.storyboard in Resources */,
				6A13B8342448B89100601386 /* Assets.xcassets in Resources */,
				6A13B8322448B89000601386 /* Main.storyboard in Resources */,
			);
			runOnlyForDeploymentPostprocessing = 0;
		};
/* End PBXResourcesBuildPhase section */

/* Begin PBXSourcesBuildPhase section */
		6A13B8232448B89000601386 /* Sources */ = {
			isa = PBXSourcesBuildPhase;
			buildActionMask = 2147483647;
			files = (
				6A13B83F2448B8E400601386 /* Photo.swift in Sources */,
				6A13B84B2448BE7C00601386 /* PhotosCollectionViewCell.swift in Sources */,
				6A13B82B2448B89000601386 /* AppDelegate.swift in Sources */,
				6A13B8452448B9CD00601386 /* PhotoController.swift in Sources */,
				6A13B8492448BDE100601386 /* PhotosCollectionViewController.swift in Sources */,
				6A13B8472448BB2400601386 /* ThemeHelper.swift in Sources */,
				6A13B82D2448B89000601386 /* SceneDelegate.swift in Sources */,
			);
			runOnlyForDeploymentPostprocessing = 0;
		};
/* End PBXSourcesBuildPhase section */

/* Begin PBXVariantGroup section */
		6A13B8302448B89000601386 /* Main.storyboard */ = {
			isa = PBXVariantGroup;
			children = (
				6A13B8312448B89000601386 /* Base */,
			);
			name = Main.storyboard;
			sourceTree = "<group>";
		};
		6A13B8352448B89100601386 /* LaunchScreen.storyboard */ = {
			isa = PBXVariantGroup;
			children = (
				6A13B8362448B89100601386 /* Base */,
			);
			name = LaunchScreen.storyboard;
			sourceTree = "<group>";
		};
/* End PBXVariantGroup section */

/* Begin XCBuildConfiguration section */
		6A13B8392448B89100601386 /* Debug */ = {
			isa = XCBuildConfiguration;
			buildSettings = {
				ALWAYS_SEARCH_USER_PATHS = NO;
				CLANG_ANALYZER_NONNULL = YES;
				CLANG_ANALYZER_NUMBER_OBJECT_CONVERSION = YES_AGGRESSIVE;
				CLANG_CXX_LANGUAGE_STANDARD = "gnu++14";
				CLANG_CXX_LIBRARY = "libc++";
				CLANG_ENABLE_MODULES = YES;
				CLANG_ENABLE_OBJC_ARC = YES;
				CLANG_ENABLE_OBJC_WEAK = YES;
				CLANG_WARN_BLOCK_CAPTURE_AUTORELEASING = YES;
				CLANG_WARN_BOOL_CONVERSION = YES;
				CLANG_WARN_COMMA = YES;
				CLANG_WARN_CONSTANT_CONVERSION = YES;
				CLANG_WARN_DEPRECATED_OBJC_IMPLEMENTATIONS = YES;
				CLANG_WARN_DIRECT_OBJC_ISA_USAGE = YES_ERROR;
				CLANG_WARN_DOCUMENTATION_COMMENTS = YES;
				CLANG_WARN_EMPTY_BODY = YES;
				CLANG_WARN_ENUM_CONVERSION = YES;
				CLANG_WARN_INFINITE_RECURSION = YES;
				CLANG_WARN_INT_CONVERSION = YES;
				CLANG_WARN_NON_LITERAL_NULL_CONVERSION = YES;
				CLANG_WARN_OBJC_IMPLICIT_RETAIN_SELF = YES;
				CLANG_WARN_OBJC_LITERAL_CONVERSION = YES;
				CLANG_WARN_OBJC_ROOT_CLASS = YES_ERROR;
				CLANG_WARN_RANGE_LOOP_ANALYSIS = YES;
				CLANG_WARN_STRICT_PROTOTYPES = YES;
				CLANG_WARN_SUSPICIOUS_MOVE = YES;
				CLANG_WARN_UNGUARDED_AVAILABILITY = YES_AGGRESSIVE;
				CLANG_WARN_UNREACHABLE_CODE = YES;
				CLANG_WARN__DUPLICATE_METHOD_MATCH = YES;
				COPY_PHASE_STRIP = NO;
				DEBUG_INFORMATION_FORMAT = dwarf;
				ENABLE_STRICT_OBJC_MSGSEND = YES;
				ENABLE_TESTABILITY = YES;
				GCC_C_LANGUAGE_STANDARD = gnu11;
				GCC_DYNAMIC_NO_PIC = NO;
				GCC_NO_COMMON_BLOCKS = YES;
				GCC_OPTIMIZATION_LEVEL = 0;
				GCC_PREPROCESSOR_DEFINITIONS = (
					"DEBUG=1",
					"$(inherited)",
				);
				GCC_WARN_64_TO_32_BIT_CONVERSION = YES;
				GCC_WARN_ABOUT_RETURN_TYPE = YES_ERROR;
				GCC_WARN_UNDECLARED_SELECTOR = YES;
				GCC_WARN_UNINITIALIZED_AUTOS = YES_AGGRESSIVE;
				GCC_WARN_UNUSED_FUNCTION = YES;
				GCC_WARN_UNUSED_VARIABLE = YES;
				IPHONEOS_DEPLOYMENT_TARGET = 13.2;
				MTL_ENABLE_DEBUG_INFO = INCLUDE_SOURCE;
				MTL_FAST_MATH = YES;
				ONLY_ACTIVE_ARCH = YES;
				SDKROOT = iphoneos;
				SWIFT_ACTIVE_COMPILATION_CONDITIONS = DEBUG;
				SWIFT_OPTIMIZATION_LEVEL = "-Onone";
			};
			name = Debug;
		};
		6A13B83A2448B89100601386 /* Release */ = {
			isa = XCBuildConfiguration;
			buildSettings = {
				ALWAYS_SEARCH_USER_PATHS = NO;
				CLANG_ANALYZER_NONNULL = YES;
				CLANG_ANALYZER_NUMBER_OBJECT_CONVERSION = YES_AGGRESSIVE;
				CLANG_CXX_LANGUAGE_STANDARD = "gnu++14";
				CLANG_CXX_LIBRARY = "libc++";
				CLANG_ENABLE_MODULES = YES;
				CLANG_ENABLE_OBJC_ARC = YES;
				CLANG_ENABLE_OBJC_WEAK = YES;
				CLANG_WARN_BLOCK_CAPTURE_AUTORELEASING = YES;
				CLANG_WARN_BOOL_CONVERSION = YES;
				CLANG_WARN_COMMA = YES;
				CLANG_WARN_CONSTANT_CONVERSION = YES;
				CLANG_WARN_DEPRECATED_OBJC_IMPLEMENTATIONS = YES;
				CLANG_WARN_DIRECT_OBJC_ISA_USAGE = YES_ERROR;
				CLANG_WARN_DOCUMENTATION_COMMENTS = YES;
				CLANG_WARN_EMPTY_BODY = YES;
				CLANG_WARN_ENUM_CONVERSION = YES;
				CLANG_WARN_INFINITE_RECURSION = YES;
				CLANG_WARN_INT_CONVERSION = YES;
				CLANG_WARN_NON_LITERAL_NULL_CONVERSION = YES;
				CLANG_WARN_OBJC_IMPLICIT_RETAIN_SELF = YES;
				CLANG_WARN_OBJC_LITERAL_CONVERSION = YES;
				CLANG_WARN_OBJC_ROOT_CLASS = YES_ERROR;
				CLANG_WARN_RANGE_LOOP_ANALYSIS = YES;
				CLANG_WARN_STRICT_PROTOTYPES = YES;
				CLANG_WARN_SUSPICIOUS_MOVE = YES;
				CLANG_WARN_UNGUARDED_AVAILABILITY = YES_AGGRESSIVE;
				CLANG_WARN_UNREACHABLE_CODE = YES;
				CLANG_WARN__DUPLICATE_METHOD_MATCH = YES;
				COPY_PHASE_STRIP = NO;
				DEBUG_INFORMATION_FORMAT = "dwarf-with-dsym";
				ENABLE_NS_ASSERTIONS = NO;
				ENABLE_STRICT_OBJC_MSGSEND = YES;
				GCC_C_LANGUAGE_STANDARD = gnu11;
				GCC_NO_COMMON_BLOCKS = YES;
				GCC_WARN_64_TO_32_BIT_CONVERSION = YES;
				GCC_WARN_ABOUT_RETURN_TYPE = YES_ERROR;
				GCC_WARN_UNDECLARED_SELECTOR = YES;
				GCC_WARN_UNINITIALIZED_AUTOS = YES_AGGRESSIVE;
				GCC_WARN_UNUSED_FUNCTION = YES;
				GCC_WARN_UNUSED_VARIABLE = YES;
				IPHONEOS_DEPLOYMENT_TARGET = 13.2;
				MTL_ENABLE_DEBUG_INFO = NO;
				MTL_FAST_MATH = YES;
				SDKROOT = iphoneos;
				SWIFT_COMPILATION_MODE = wholemodule;
				SWIFT_OPTIMIZATION_LEVEL = "-O";
				VALIDATE_PRODUCT = YES;
			};
			name = Release;
		};
		6A13B83C2448B89100601386 /* Debug */ = {
			isa = XCBuildConfiguration;
			buildSettings = {
				ASSETCATALOG_COMPILER_APPICON_NAME = AppIcon;
				CODE_SIGN_STYLE = Automatic;
				INFOPLIST_FILE = PhotoCollection/Info.plist;
				LD_RUNPATH_SEARCH_PATHS = (
					"$(inherited)",
					"@executable_path/Frameworks",
				);
				PRODUCT_BUNDLE_IDENTIFIER = ahava.PhotoCollection;
				PRODUCT_NAME = "$(TARGET_NAME)";
				SWIFT_VERSION = 5.0;
				TARGETED_DEVICE_FAMILY = "1,2";
			};
			name = Debug;
		};
		6A13B83D2448B89100601386 /* Release */ = {
			isa = XCBuildConfiguration;
			buildSettings = {
				ASSETCATALOG_COMPILER_APPICON_NAME = AppIcon;
				CODE_SIGN_STYLE = Automatic;
				INFOPLIST_FILE = PhotoCollection/Info.plist;
				LD_RUNPATH_SEARCH_PATHS = (
					"$(inherited)",
					"@executable_path/Frameworks",
				);
				PRODUCT_BUNDLE_IDENTIFIER = ahava.PhotoCollection;
				PRODUCT_NAME = "$(TARGET_NAME)";
				SWIFT_VERSION = 5.0;
				TARGETED_DEVICE_FAMILY = "1,2";
			};
			name = Release;
		};
/* End XCBuildConfiguration section */

/* Begin XCConfigurationList section */
		6A13B8222448B89000601386 /* Build configuration list for PBXProject "PhotoCollection" */ = {
			isa = XCConfigurationList;
			buildConfigurations = (
				6A13B8392448B89100601386 /* Debug */,
				6A13B83A2448B89100601386 /* Release */,
			);
			defaultConfigurationIsVisible = 0;
			defaultConfigurationName = Release;
		};
		6A13B83B2448B89100601386 /* Build configuration list for PBXNativeTarget "PhotoCollection" */ = {
			isa = XCConfigurationList;
			buildConfigurations = (
				6A13B83C2448B89100601386 /* Debug */,
				6A13B83D2448B89100601386 /* Release */,
			);
			defaultConfigurationIsVisible = 0;
			defaultConfigurationName = Release;
		};
/* End XCConfigurationList section */
	};
	rootObject = 6A13B81F2448B89000601386 /* Project object */;
}
